schema_version: '2.0'
formulas:
  secz_scale_musd: {version: '1.0', signature: 6fc635ef020fcef0a6a401bf089cc3c4b0f39a1370accb3aaae97f408389dcc6}
  secz_fx_eur_usd: {version: '1.0', signature: 4f3579b783e080e0ae98cd64b4b251ff42bf0812444c7754e2d8135f341580cb}
  secz_ttm: {version: '1.0', signature: 2339807a9c6b55f48c08dae92e15371c6100eb68cadee34aaa9bae5f37d91036}
  secz_ytd_quarter: {version: '1.0', signature: b961483d9676f0713c9cadf99b1882bd90cf66aff56b8a92e89d313f2371a43c}
  secz_revenue_cagr: {version: '1.0', signature: b6f25ad4733785246b8a7662c1e250113d7187d4799aedaa636baf3639733ff9}
  uni_percent_to_bp: {version: '1.0', signature: a4d4e423e4b75a477d182b129788110efe05502506782b69ba3cffa04248dbef}
